
Microsoft Visual Studio Solution File, Format Version 12.00
# Visual Studio 15
VisualStudioVersion = 15.0.27428.1
MinimumVisualStudioVersion = 10.0.40219.1
Project("{FAE04EC0-301F-11D3-BF4B-00C04F79EFBC}") = "SuperAdventure", "SuperAdventure\SuperAdventure.csproj", "{C2A3C2C0-6E24-4183-A049-979B918BE1E1}"
EndProject
Project("{FAE04EC0-301F-11D3-BF4B-00C04F79EFBC}") = "Engine", "Engine\Engine.csproj", "{EE4CC3DF-9DC5-4D1B-9772-F3C6FCB32C8B}"
EndProject
Global
	GlobalSection(SolutionConfigurationPlatforms) = preSolution
		Debug|Any CPU = Debug|Any CPU
		Release|Any CPU = Release|Any CPU
	EndGlobalSection
	GlobalSection(ProjectConfigurationPlatforms) = postSolution
		{C2A3C2C0-6E24-4183-A049-979B918BE1E1}.Debug|Any CPU.ActiveCfg = Debug|Any CPU
		{C2A3C2C0-6E24-4183-A049-979B918BE1E1}.Debug|Any CPU.Build.0 = Debug|Any CPU
		{C2A3C2C0-6E24-4183-A049-979B918BE1E1}.Release|Any CPU.ActiveCfg = Release|Any CPU
		{C2A3C2C0-6E24-4183-A049-979B918BE1E1}.Release|Any CPU.Build.0 = Release|Any CPU
		{EE4CC3DF-9DC5-4D1B-9772-F3C6FCB32C8B}.Debug|Any CPU.ActiveCfg = Debug|Any CPU
		{EE4CC3DF-9DC5-4D1B-9772-F3C6FCB32C8B}.Debug|Any CPU.Build.0 = Debug|Any CPU
		{EE4CC3DF-9DC5-4D1B-9772-F3C6FCB32C8B}.Release|Any CPU.ActiveCfg = Release|Any CPU
		{EE4CC3DF-9DC5-4D1B-9772-F3C6FCB32C8B}.Release|Any CPU.Build.0 = Release|Any CPU
	EndGlobalSection
	GlobalSection(SolutionProperties) = preSolution
		HideSolutionNode = FALSE
	EndGlobalSection
	GlobalSection(ExtensibilityGlobals) = postSolution
		SolutionGuid = {A77F21E4-9DFD-40EB-AAC2-D4AA1ACCBD25}
	EndGlobalSection
EndGlobal
